
Microsoft Visual Studio Solution File, Format Version 12.00
# Visual Studio 2012
Project("{FAE04EC0-301F-11D3-BF4B-00C04F79EFBC}") = "ReactiveWorksheets.MongoDbSources", "ReactiveWorksheets.MongoDbSources.csproj", "{4ACA894F-3B93-4857-9005-FA31E890DC3E}"
EndProject
Project("{FAE04EC0-301F-11D3-BF4B-00C04F79EFBC}") = "ReactiveWorksheets.Common", "..\..\..\ReactiveWorksheets-Common\Src\ReactiveWorksheets.Common\ReactiveWorksheets.Common.csproj", "{1FB17202-DE2B-4DBE-8E48-C3776F86EFF3}"
EndProject
Global
	GlobalSection(SolutionConfigurationPlatforms) = preSolution
		Debug|Any CPU = Debug|Any CPU
		Release|Any CPU = Release|Any CPU
	EndGlobalSection
	GlobalSection(ProjectConfigurationPlatforms) = postSolution
		{4ACA894F-3B93-4857-9005-FA31E890DC3E}.Debug|Any CPU.ActiveCfg = Debug|Any CPU
		{4ACA894F-3B93-4857-9005-FA31E890DC3E}.Debug|Any CPU.Build.0 = Debug|Any CPU
		{4ACA894F-3B93-4857-9005-FA31E890DC3E}.Release|Any CPU.ActiveCfg = Release|Any CPU
		{4ACA894F-3B93-4857-9005-FA31E890DC3E}.Release|Any CPU.Build.0 = Release|Any CPU
		{1FB17202-DE2B-4DBE-8E48-C3776F86EFF3}.Debug|Any CPU.ActiveCfg = Debug|Any CPU
		{1FB17202-DE2B-4DBE-8E48-C3776F86EFF3}.Debug|Any CPU.Build.0 = Debug|Any CPU
		{1FB17202-DE2B-4DBE-8E48-C3776F86EFF3}.Release|Any CPU.ActiveCfg = Release|Any CPU
		{1FB17202-DE2B-4DBE-8E48-C3776F86EFF3}.Release|Any CPU.Build.0 = Release|Any CPU
	EndGlobalSection
	GlobalSection(SolutionProperties) = preSolution
		HideSolutionNode = FALSE
	EndGlobalSection
EndGlobal
