
Microsoft Visual Studio Solution File, Format Version 12.00
# Visual Studio 2012
Project("{2150E333-8FDC-42A3-9474-1A3956D46DE8}") = ".nuget", ".nuget", "{3C11C400-8182-451B-8DF5-2045E004941F}"
	ProjectSection(SolutionItems) = preProject
		.nuget\NuGet.Config = .nuget\NuGet.Config
		.nuget\NuGet.exe = .nuget\NuGet.exe
		.nuget\NuGet.targets = .nuget\NuGet.targets
	EndProjectSection
EndProject
Project("{FAE04EC0-301F-11D3-BF4B-00C04F79EFBC}") = "FalconSoft.Data.Server.Persistence", "Data-Server\Persistence\FalconSoft.Data.Server.Persistence.csproj", "{C2D5328B-A58D-4306-B1B6-2410DB922AB9}"
EndProject
Project("{FAE04EC0-301F-11D3-BF4B-00C04F79EFBC}") = "FalconSoft.Data.Server.DefaultMongoDbSource", "Data-Server\DataSources\DefaultMongoDbSource\FalconSoft.Data.Server.DefaultMongoDbSource.csproj", "{4ACA894F-3B93-4857-9005-FA31E890DC3E}"
EndProject
Project("{FAE04EC0-301F-11D3-BF4B-00C04F79EFBC}") = "FalconSoft.Data.Server.SampleDataSources", "Data-Server\DataSources\SampleDataSources\FalconSoft.Data.Server.SampleDataSources.csproj", "{65AE3850-946A-4459-AD0A-11821C451EA3}"
EndProject
Project("{2150E333-8FDC-42A3-9474-1A3956D46DE8}") = "Data-Sources", "Data-Sources", "{D8D07837-FDF8-4F87-A2F1-7AF048AE3FFE}"
EndProject
Project("{FAE04EC0-301F-11D3-BF4B-00C04F79EFBC}") = "FalconSoft.Data.Server", "Data-Server\Data.Server\FalconSoft.Data.Server.csproj", "{5F52F2E1-8DA2-499C-B707-1356851289DD}"
EndProject
Project("{2150E333-8FDC-42A3-9474-1A3956D46DE8}") = "_private", "_private", "{E606AEF1-47AA-46A2-AF00-F1C917B1F0FD}"
EndProject
Project("{FAE04EC0-301F-11D3-BF4B-00C04F79EFBC}") = "FalconSoft.Data.Management.Common", "..\..\Data-Management-Suite-Private\Src\Server\Data.Server.Common\FalconSoft.Data.Management.Common.csproj", "{322CB0EC-5C6C-400C-9315-2A679DA9CDA9}"
EndProject
Project("{FAE04EC0-301F-11D3-BF4B-00C04F79EFBC}") = "FalconSoft.Data.Management.Components", "..\..\Data-Management-Suite-Private\Src\Server\Data.Server.Components\FalconSoft.Data.Management.Components.csproj", "{CA16FFE9-BC48-4DC6-BBCE-9A7A3EECA424}"
EndProject
Project("{2150E333-8FDC-42A3-9474-1A3956D46DE8}") = "Communication.Layer", "Communication.Layer", "{43D6A22A-8BEA-475D-9E36-6062C62EAACB}"
EndProject
Project("{2150E333-8FDC-42A3-9474-1A3956D46DE8}") = "SignalR", "SignalR", "{11E812AA-3DC2-4862-A334-AE22D8A6E443}"
EndProject
Project("{FAE04EC0-301F-11D3-BF4B-00C04F79EFBC}") = "FalconSoft.Data.Management.Client.SignalR", "Communications\SignalR\Client.SignalR\FalconSoft.Data.Management.Client.SignalR.csproj", "{750EA2E3-E290-4E44-BBF0-033FF8B9FC9D}"
EndProject
Project("{2150E333-8FDC-42A3-9474-1A3956D46DE8}") = "InProcess", "InProcess", "{AEECB1CC-5ED6-4D08-BFAC-ACC869F92F15}"
EndProject
Project("{FAE04EC0-301F-11D3-BF4B-00C04F79EFBC}") = "FalconSoft.Data.Management.InProcessServer.Client", "Communications\InProcess\InProcessServer.Client\FalconSoft.Data.Management.InProcessServer.Client.csproj", "{94D962B3-ABD7-4A74-949A-F5D8A510AA9C}"
EndProject
Project("{2150E333-8FDC-42A3-9474-1A3956D46DE8}") = "DesktopUI", "DesktopUI", "{191F10AD-3F09-4DDD-9D79-47B88689EA20}"
EndProject
Project("{FAE04EC0-301F-11D3-BF4B-00C04F79EFBC}") = "ReactiveWorksheets.Desktop.Core", "..\..\Data-Management-Suite-Private\Src\Clients\DesktopUI\RW.Core\ReactiveWorksheets.Desktop.Core.csproj", "{D51C07BA-4CA8-47E5-A677-B09E637F472F}"
EndProject
Project("{FAE04EC0-301F-11D3-BF4B-00C04F79EFBC}") = "ReactiveWorksheets.Resources", "..\..\Data-Management-Suite-Private\Src\Clients\DesktopUI\RW.Resources\ReactiveWorksheets.Resources.csproj", "{17A25837-83B9-48B6-B958-2BFACD9EA571}"
EndProject
Project("{FAE04EC0-301F-11D3-BF4B-00C04F79EFBC}") = "ReactiveWorksheets.UIComponents", "..\..\Data-Management-Suite-Private\Src\Clients\DesktopUI\RW.UIComponents\ReactiveWorksheets.UIComponents.csproj", "{B68B9D4E-E53E-4A96-9704-6F4A4BA43616}"
EndProject
Project("{FAE04EC0-301F-11D3-BF4B-00C04F79EFBC}") = "ReactiveWorksheets.Admin", "..\..\Data-Management-Suite-Private\Src\Clients\DesktopUI\RW.Admin\ReactiveWorksheets.Admin.csproj", "{7461E0DC-4B6C-45FB-96BF-46AFF91B61ED}"
EndProject
Project("{FAE04EC0-301F-11D3-BF4B-00C04F79EFBC}") = "FalconSoft.ReactiveWorksheets", "..\..\Data-Management-Suite-Private\Src\Clients\DesktopUI\ReactiveWorksheets\FalconSoft.ReactiveWorksheets.csproj", "{5B47CEFA-0E19-4069-800A-81D9FCFD875D}"
EndProject
Project("{FAE04EC0-301F-11D3-BF4B-00C04F79EFBC}") = "FalconSoft.Data.Management.Server.SignalR", "Communications\SignalR\Server.SignalR\FalconSoft.Data.Management.Server.SignalR.csproj", "{2AF64830-C45D-4FD2-BA4B-1E34A960D4DD}"
EndProject
Project("{2150E333-8FDC-42A3-9474-1A3956D46DE8}") = "Tests", "Tests", "{622159BB-9FCA-425D-8E4E-C899F30FC69E}"
EndProject
Project("{FAE04EC0-301F-11D3-BF4B-00C04F79EFBC}") = "Server.Tests", "..\..\Data-Management-Suite-Private\Tests\RW.Server.Tests\Server.Tests.csproj", "{EEFE3B49-B7C6-47FA-9171-B80D939178E8}"
EndProject
Project("{FAE04EC0-301F-11D3-BF4B-00C04F79EFBC}") = "FalconSoft.Data.Console", "Clients\Console.Client\FalconSoft.Data.Console.csproj", "{281627BC-5964-4B2F-A491-61EE77BE27AB}"
EndProject
Project("{2150E333-8FDC-42A3-9474-1A3956D46DE8}") = ".versions", ".versions", "{15BE193A-50C0-455B-BEAE-B244E6CD74E1}"
	ProjectSection(SolutionItems) = preProject
		Data.Management.VersionInfo.cs = Data.Management.VersionInfo.cs
		Data.Server.VersionInfo.cs = Data.Server.VersionInfo.cs
		Reactive.Worksheets.VersionInfo.cs = Reactive.Worksheets.VersionInfo.cs
	EndProjectSection
EndProject
Project("{2150E333-8FDC-42A3-9474-1A3956D46DE8}") = "Tools", "Tools", "{94108F8E-DA07-4081-BF01-4BD94938B792}"
EndProject
Project("{FAE04EC0-301F-11D3-BF4B-00C04F79EFBC}") = "PositionDataGenerator", "..\..\Data-Management-Suite-Private\Src\Tools\PositionDataGenerator\PositionDataGenerator\PositionDataGenerator.csproj", "{B147939B-DDAB-4287-8588-D7EA7F375CD0}"
EndProject
Project("{FAE04EC0-301F-11D3-BF4B-00C04F79EFBC}") = "ReactiveWorksheets.Facade.Tests", "..\Tests\RW.Communication.Facades.Tests\ReactiveWorksheets.Facade.Tests\ReactiveWorksheets.Facade.Tests.csproj", "{F58BE831-6093-4CDE-A593-430AFA7CD8A6}"
EndProject
Project("{FAE04EC0-301F-11D3-BF4B-00C04F79EFBC}") = "ReactiveWorksheets.Client.Core.Tests", "..\..\Data-Management-Suite-Private\Tests\RW.Client.Core.Tests\ReactiveWorksheets.Client.Core.Tests.csproj", "{29E6B380-589E-4A34-85F1-D2CA21399CFE}"
EndProject
Project("{FAE04EC0-301F-11D3-BF4B-00C04F79EFBC}") = "ReactiveWorksheets.Server.Core.Tests", "..\..\Data-Management-Suite-Private\Tests\RW.Server.Core.Test\ReactiveWorksheets.Server.Core.Tests.csproj", "{E3A5F647-13C0-4026-BE5A-078277AB7EB3}"
EndProject
Project("{FAE04EC0-301F-11D3-BF4B-00C04F79EFBC}") = "FalconSoft.Data.EDI.FeedWatcher", "..\..\Data-Management-Suite-Private\Src\FalconSoft.Data.EDI.FeedWatcher\FalconSoft.Data.EDI.FeedWatcher.csproj", "{04C2C86E-C161-474B-96A4-FACE9C911B45}"
EndProject
Project("{FAE04EC0-301F-11D3-BF4B-00C04F79EFBC}") = "FalconSoft.PythonEngine", "FalconSoft.PythonEngine\FalconSoft.PythonEngine.csproj", "{62C5F485-45DA-45CD-935A-365E4AFCB932}"
EndProject
Project("{FAE04EC0-301F-11D3-BF4B-00C04F79EFBC}") = "FalconSoft.Data.Server.EDI.Feeds", "Data-Server\DataSources\EDI\FalconSoft.Data.Server.EDI.Feeds.csproj", "{13D10909-262E-4EC1-8EFE-B0B5CB7BD8FF}"
EndProject
Project("{FAE04EC0-301F-11D3-BF4B-00C04F79EFBC}") = "FalconSoft.ExcelAddIn", "..\..\Data-Management-Suite-Private\Src\FalconSoft.ExcelAddIn\FalconSoft.ExcelAddIn.csproj", "{EC20C5ED-CDA0-4C7F-B456-0B1686EAFCD9}"
EndProject
Global
	GlobalSection(SolutionConfigurationPlatforms) = preSolution
		Debug|Any CPU = Debug|Any CPU
		Debug|Mixed Platforms = Debug|Mixed Platforms
		Debug|x86 = Debug|x86
		Release|Any CPU = Release|Any CPU
		Release|Mixed Platforms = Release|Mixed Platforms
		Release|x86 = Release|x86
	EndGlobalSection
	GlobalSection(ProjectConfigurationPlatforms) = postSolution
		{C2D5328B-A58D-4306-B1B6-2410DB922AB9}.Debug|Any CPU.ActiveCfg = Debug|Any CPU
		{C2D5328B-A58D-4306-B1B6-2410DB922AB9}.Debug|Any CPU.Build.0 = Debug|Any CPU
		{C2D5328B-A58D-4306-B1B6-2410DB922AB9}.Debug|Mixed Platforms.ActiveCfg = Debug|Any CPU
		{C2D5328B-A58D-4306-B1B6-2410DB922AB9}.Debug|Mixed Platforms.Build.0 = Debug|Any CPU
		{C2D5328B-A58D-4306-B1B6-2410DB922AB9}.Debug|x86.ActiveCfg = Debug|Any CPU
		{C2D5328B-A58D-4306-B1B6-2410DB922AB9}.Release|Any CPU.ActiveCfg = Release|Any CPU
		{C2D5328B-A58D-4306-B1B6-2410DB922AB9}.Release|Any CPU.Build.0 = Release|Any CPU
		{C2D5328B-A58D-4306-B1B6-2410DB922AB9}.Release|Mixed Platforms.ActiveCfg = Release|Any CPU
		{C2D5328B-A58D-4306-B1B6-2410DB922AB9}.Release|Mixed Platforms.Build.0 = Release|Any CPU
		{C2D5328B-A58D-4306-B1B6-2410DB922AB9}.Release|x86.ActiveCfg = Release|Any CPU
		{4ACA894F-3B93-4857-9005-FA31E890DC3E}.Debug|Any CPU.ActiveCfg = Debug|Any CPU
		{4ACA894F-3B93-4857-9005-FA31E890DC3E}.Debug|Any CPU.Build.0 = Debug|Any CPU
		{4ACA894F-3B93-4857-9005-FA31E890DC3E}.Debug|Mixed Platforms.ActiveCfg = Debug|Any CPU
		{4ACA894F-3B93-4857-9005-FA31E890DC3E}.Debug|Mixed Platforms.Build.0 = Debug|Any CPU
		{4ACA894F-3B93-4857-9005-FA31E890DC3E}.Debug|x86.ActiveCfg = Debug|Any CPU
		{4ACA894F-3B93-4857-9005-FA31E890DC3E}.Release|Any CPU.ActiveCfg = Release|Any CPU
		{4ACA894F-3B93-4857-9005-FA31E890DC3E}.Release|Any CPU.Build.0 = Release|Any CPU
		{4ACA894F-3B93-4857-9005-FA31E890DC3E}.Release|Mixed Platforms.ActiveCfg = Release|Any CPU
		{4ACA894F-3B93-4857-9005-FA31E890DC3E}.Release|Mixed Platforms.Build.0 = Release|Any CPU
		{4ACA894F-3B93-4857-9005-FA31E890DC3E}.Release|x86.ActiveCfg = Release|Any CPU
		{65AE3850-946A-4459-AD0A-11821C451EA3}.Debug|Any CPU.ActiveCfg = Debug|Any CPU
		{65AE3850-946A-4459-AD0A-11821C451EA3}.Debug|Any CPU.Build.0 = Debug|Any CPU
		{65AE3850-946A-4459-AD0A-11821C451EA3}.Debug|Mixed Platforms.ActiveCfg = Debug|Any CPU
		{65AE3850-946A-4459-AD0A-11821C451EA3}.Debug|Mixed Platforms.Build.0 = Debug|Any CPU
		{65AE3850-946A-4459-AD0A-11821C451EA3}.Debug|x86.ActiveCfg = Debug|Any CPU
		{65AE3850-946A-4459-AD0A-11821C451EA3}.Release|Any CPU.ActiveCfg = Release|Any CPU
		{65AE3850-946A-4459-AD0A-11821C451EA3}.Release|Any CPU.Build.0 = Release|Any CPU
		{65AE3850-946A-4459-AD0A-11821C451EA3}.Release|Mixed Platforms.ActiveCfg = Release|Any CPU
		{65AE3850-946A-4459-AD0A-11821C451EA3}.Release|Mixed Platforms.Build.0 = Release|Any CPU
		{65AE3850-946A-4459-AD0A-11821C451EA3}.Release|x86.ActiveCfg = Release|Any CPU
		{5F52F2E1-8DA2-499C-B707-1356851289DD}.Debug|Any CPU.ActiveCfg = Debug|Any CPU
		{5F52F2E1-8DA2-499C-B707-1356851289DD}.Debug|Any CPU.Build.0 = Debug|Any CPU
		{5F52F2E1-8DA2-499C-B707-1356851289DD}.Debug|Mixed Platforms.ActiveCfg = Debug|Any CPU
		{5F52F2E1-8DA2-499C-B707-1356851289DD}.Debug|Mixed Platforms.Build.0 = Debug|Any CPU
		{5F52F2E1-8DA2-499C-B707-1356851289DD}.Debug|x86.ActiveCfg = Debug|Any CPU
		{5F52F2E1-8DA2-499C-B707-1356851289DD}.Release|Any CPU.ActiveCfg = Release|Any CPU
		{5F52F2E1-8DA2-499C-B707-1356851289DD}.Release|Any CPU.Build.0 = Release|Any CPU
		{5F52F2E1-8DA2-499C-B707-1356851289DD}.Release|Mixed Platforms.ActiveCfg = Release|Any CPU
		{5F52F2E1-8DA2-499C-B707-1356851289DD}.Release|Mixed Platforms.Build.0 = Release|Any CPU
		{5F52F2E1-8DA2-499C-B707-1356851289DD}.Release|x86.ActiveCfg = Release|Any CPU
		{322CB0EC-5C6C-400C-9315-2A679DA9CDA9}.Debug|Any CPU.ActiveCfg = Debug|Any CPU
		{322CB0EC-5C6C-400C-9315-2A679DA9CDA9}.Debug|Any CPU.Build.0 = Debug|Any CPU
		{322CB0EC-5C6C-400C-9315-2A679DA9CDA9}.Debug|Mixed Platforms.ActiveCfg = Debug|Any CPU
		{322CB0EC-5C6C-400C-9315-2A679DA9CDA9}.Debug|Mixed Platforms.Build.0 = Debug|Any CPU
		{322CB0EC-5C6C-400C-9315-2A679DA9CDA9}.Debug|x86.ActiveCfg = Debug|Any CPU
		{322CB0EC-5C6C-400C-9315-2A679DA9CDA9}.Release|Any CPU.ActiveCfg = Release|Any CPU
		{322CB0EC-5C6C-400C-9315-2A679DA9CDA9}.Release|Any CPU.Build.0 = Release|Any CPU
		{322CB0EC-5C6C-400C-9315-2A679DA9CDA9}.Release|Mixed Platforms.ActiveCfg = Release|Any CPU
		{322CB0EC-5C6C-400C-9315-2A679DA9CDA9}.Release|Mixed Platforms.Build.0 = Release|Any CPU
		{322CB0EC-5C6C-400C-9315-2A679DA9CDA9}.Release|x86.ActiveCfg = Release|Any CPU
		{CA16FFE9-BC48-4DC6-BBCE-9A7A3EECA424}.Debug|Any CPU.ActiveCfg = Debug|Any CPU
		{CA16FFE9-BC48-4DC6-BBCE-9A7A3EECA424}.Debug|Any CPU.Build.0 = Debug|Any CPU
		{CA16FFE9-BC48-4DC6-BBCE-9A7A3EECA424}.Debug|Mixed Platforms.ActiveCfg = Debug|Any CPU
		{CA16FFE9-BC48-4DC6-BBCE-9A7A3EECA424}.Debug|Mixed Platforms.Build.0 = Debug|Any CPU
		{CA16FFE9-BC48-4DC6-BBCE-9A7A3EECA424}.Debug|x86.ActiveCfg = Debug|Any CPU
		{CA16FFE9-BC48-4DC6-BBCE-9A7A3EECA424}.Release|Any CPU.ActiveCfg = Release|Any CPU
		{CA16FFE9-BC48-4DC6-BBCE-9A7A3EECA424}.Release|Any CPU.Build.0 = Release|Any CPU
		{CA16FFE9-BC48-4DC6-BBCE-9A7A3EECA424}.Release|Mixed Platforms.ActiveCfg = Release|Any CPU
		{CA16FFE9-BC48-4DC6-BBCE-9A7A3EECA424}.Release|Mixed Platforms.Build.0 = Release|Any CPU
		{CA16FFE9-BC48-4DC6-BBCE-9A7A3EECA424}.Release|x86.ActiveCfg = Release|Any CPU
		{750EA2E3-E290-4E44-BBF0-033FF8B9FC9D}.Debug|Any CPU.ActiveCfg = Debug|Any CPU
		{750EA2E3-E290-4E44-BBF0-033FF8B9FC9D}.Debug|Any CPU.Build.0 = Debug|Any CPU
		{750EA2E3-E290-4E44-BBF0-033FF8B9FC9D}.Debug|Mixed Platforms.ActiveCfg = Debug|Any CPU
		{750EA2E3-E290-4E44-BBF0-033FF8B9FC9D}.Debug|Mixed Platforms.Build.0 = Debug|Any CPU
		{750EA2E3-E290-4E44-BBF0-033FF8B9FC9D}.Debug|x86.ActiveCfg = Debug|Any CPU
		{750EA2E3-E290-4E44-BBF0-033FF8B9FC9D}.Release|Any CPU.ActiveCfg = Release|Any CPU
		{750EA2E3-E290-4E44-BBF0-033FF8B9FC9D}.Release|Any CPU.Build.0 = Release|Any CPU
		{750EA2E3-E290-4E44-BBF0-033FF8B9FC9D}.Release|Mixed Platforms.ActiveCfg = Release|Any CPU
		{750EA2E3-E290-4E44-BBF0-033FF8B9FC9D}.Release|Mixed Platforms.Build.0 = Release|Any CPU
		{750EA2E3-E290-4E44-BBF0-033FF8B9FC9D}.Release|x86.ActiveCfg = Release|Any CPU
		{94D962B3-ABD7-4A74-949A-F5D8A510AA9C}.Debug|Any CPU.ActiveCfg = Debug|Any CPU
		{94D962B3-ABD7-4A74-949A-F5D8A510AA9C}.Debug|Any CPU.Build.0 = Debug|Any CPU
		{94D962B3-ABD7-4A74-949A-F5D8A510AA9C}.Debug|Mixed Platforms.ActiveCfg = Debug|Any CPU
		{94D962B3-ABD7-4A74-949A-F5D8A510AA9C}.Debug|Mixed Platforms.Build.0 = Debug|Any CPU
		{94D962B3-ABD7-4A74-949A-F5D8A510AA9C}.Debug|x86.ActiveCfg = Debug|Any CPU
		{94D962B3-ABD7-4A74-949A-F5D8A510AA9C}.Release|Any CPU.ActiveCfg = Release|Any CPU
		{94D962B3-ABD7-4A74-949A-F5D8A510AA9C}.Release|Any CPU.Build.0 = Release|Any CPU
		{94D962B3-ABD7-4A74-949A-F5D8A510AA9C}.Release|Mixed Platforms.ActiveCfg = Release|Any CPU
		{94D962B3-ABD7-4A74-949A-F5D8A510AA9C}.Release|Mixed Platforms.Build.0 = Release|Any CPU
		{94D962B3-ABD7-4A74-949A-F5D8A510AA9C}.Release|x86.ActiveCfg = Release|Any CPU
		{D51C07BA-4CA8-47E5-A677-B09E637F472F}.Debug|Any CPU.ActiveCfg = Debug|Any CPU
		{D51C07BA-4CA8-47E5-A677-B09E637F472F}.Debug|Any CPU.Build.0 = Debug|Any CPU
		{D51C07BA-4CA8-47E5-A677-B09E637F472F}.Debug|Mixed Platforms.ActiveCfg = Debug|Any CPU
		{D51C07BA-4CA8-47E5-A677-B09E637F472F}.Debug|Mixed Platforms.Build.0 = Debug|Any CPU
		{D51C07BA-4CA8-47E5-A677-B09E637F472F}.Debug|x86.ActiveCfg = Debug|Any CPU
		{D51C07BA-4CA8-47E5-A677-B09E637F472F}.Release|Any CPU.ActiveCfg = Release|Any CPU
		{D51C07BA-4CA8-47E5-A677-B09E637F472F}.Release|Any CPU.Build.0 = Release|Any CPU
		{D51C07BA-4CA8-47E5-A677-B09E637F472F}.Release|Mixed Platforms.ActiveCfg = Release|Any CPU
		{D51C07BA-4CA8-47E5-A677-B09E637F472F}.Release|Mixed Platforms.Build.0 = Release|Any CPU
		{D51C07BA-4CA8-47E5-A677-B09E637F472F}.Release|x86.ActiveCfg = Release|Any CPU
		{17A25837-83B9-48B6-B958-2BFACD9EA571}.Debug|Any CPU.ActiveCfg = Debug|Any CPU
		{17A25837-83B9-48B6-B958-2BFACD9EA571}.Debug|Any CPU.Build.0 = Debug|Any CPU
		{17A25837-83B9-48B6-B958-2BFACD9EA571}.Debug|Mixed Platforms.ActiveCfg = Debug|Any CPU
		{17A25837-83B9-48B6-B958-2BFACD9EA571}.Debug|Mixed Platforms.Build.0 = Debug|Any CPU
		{17A25837-83B9-48B6-B958-2BFACD9EA571}.Debug|x86.ActiveCfg = Debug|Any CPU
		{17A25837-83B9-48B6-B958-2BFACD9EA571}.Release|Any CPU.ActiveCfg = Release|Any CPU
		{17A25837-83B9-48B6-B958-2BFACD9EA571}.Release|Any CPU.Build.0 = Release|Any CPU
		{17A25837-83B9-48B6-B958-2BFACD9EA571}.Release|Mixed Platforms.ActiveCfg = Release|Any CPU
		{17A25837-83B9-48B6-B958-2BFACD9EA571}.Release|Mixed Platforms.Build.0 = Release|Any CPU
		{17A25837-83B9-48B6-B958-2BFACD9EA571}.Release|x86.ActiveCfg = Release|Any CPU
		{B68B9D4E-E53E-4A96-9704-6F4A4BA43616}.Debug|Any CPU.ActiveCfg = Debug|Any CPU
		{B68B9D4E-E53E-4A96-9704-6F4A4BA43616}.Debug|Any CPU.Build.0 = Debug|Any CPU
		{B68B9D4E-E53E-4A96-9704-6F4A4BA43616}.Debug|Mixed Platforms.ActiveCfg = Debug|Any CPU
		{B68B9D4E-E53E-4A96-9704-6F4A4BA43616}.Debug|Mixed Platforms.Build.0 = Debug|Any CPU
		{B68B9D4E-E53E-4A96-9704-6F4A4BA43616}.Debug|x86.ActiveCfg = Debug|Any CPU
		{B68B9D4E-E53E-4A96-9704-6F4A4BA43616}.Release|Any CPU.ActiveCfg = Release|Any CPU
		{B68B9D4E-E53E-4A96-9704-6F4A4BA43616}.Release|Any CPU.Build.0 = Release|Any CPU
		{B68B9D4E-E53E-4A96-9704-6F4A4BA43616}.Release|Mixed Platforms.ActiveCfg = Release|Any CPU
		{B68B9D4E-E53E-4A96-9704-6F4A4BA43616}.Release|Mixed Platforms.Build.0 = Release|Any CPU
		{B68B9D4E-E53E-4A96-9704-6F4A4BA43616}.Release|x86.ActiveCfg = Release|Any CPU
		{7461E0DC-4B6C-45FB-96BF-46AFF91B61ED}.Debug|Any CPU.ActiveCfg = Debug|Any CPU
		{7461E0DC-4B6C-45FB-96BF-46AFF91B61ED}.Debug|Any CPU.Build.0 = Debug|Any CPU
		{7461E0DC-4B6C-45FB-96BF-46AFF91B61ED}.Debug|Mixed Platforms.ActiveCfg = Debug|Any CPU
		{7461E0DC-4B6C-45FB-96BF-46AFF91B61ED}.Debug|Mixed Platforms.Build.0 = Debug|Any CPU
		{7461E0DC-4B6C-45FB-96BF-46AFF91B61ED}.Debug|x86.ActiveCfg = Debug|Any CPU
		{7461E0DC-4B6C-45FB-96BF-46AFF91B61ED}.Release|Any CPU.ActiveCfg = Release|Any CPU
		{7461E0DC-4B6C-45FB-96BF-46AFF91B61ED}.Release|Any CPU.Build.0 = Release|Any CPU
		{7461E0DC-4B6C-45FB-96BF-46AFF91B61ED}.Release|Mixed Platforms.ActiveCfg = Release|Any CPU
		{7461E0DC-4B6C-45FB-96BF-46AFF91B61ED}.Release|Mixed Platforms.Build.0 = Release|Any CPU
		{7461E0DC-4B6C-45FB-96BF-46AFF91B61ED}.Release|x86.ActiveCfg = Release|Any CPU
		{5B47CEFA-0E19-4069-800A-81D9FCFD875D}.Debug|Any CPU.ActiveCfg = Debug|x86
		{5B47CEFA-0E19-4069-800A-81D9FCFD875D}.Debug|Mixed Platforms.ActiveCfg = Debug|x86
		{5B47CEFA-0E19-4069-800A-81D9FCFD875D}.Debug|Mixed Platforms.Build.0 = Debug|x86
		{5B47CEFA-0E19-4069-800A-81D9FCFD875D}.Debug|x86.ActiveCfg = Debug|x86
		{5B47CEFA-0E19-4069-800A-81D9FCFD875D}.Debug|x86.Build.0 = Debug|x86
		{5B47CEFA-0E19-4069-800A-81D9FCFD875D}.Release|Any CPU.ActiveCfg = Release|x86
		{5B47CEFA-0E19-4069-800A-81D9FCFD875D}.Release|Mixed Platforms.ActiveCfg = Release|x86
		{5B47CEFA-0E19-4069-800A-81D9FCFD875D}.Release|Mixed Platforms.Build.0 = Release|x86
		{5B47CEFA-0E19-4069-800A-81D9FCFD875D}.Release|x86.ActiveCfg = Release|x86
		{5B47CEFA-0E19-4069-800A-81D9FCFD875D}.Release|x86.Build.0 = Release|x86
		{2AF64830-C45D-4FD2-BA4B-1E34A960D4DD}.Debug|Any CPU.ActiveCfg = Debug|Any CPU
		{2AF64830-C45D-4FD2-BA4B-1E34A960D4DD}.Debug|Any CPU.Build.0 = Debug|Any CPU
		{2AF64830-C45D-4FD2-BA4B-1E34A960D4DD}.Debug|Mixed Platforms.ActiveCfg = Debug|Any CPU
		{2AF64830-C45D-4FD2-BA4B-1E34A960D4DD}.Debug|Mixed Platforms.Build.0 = Debug|Any CPU
		{2AF64830-C45D-4FD2-BA4B-1E34A960D4DD}.Debug|x86.ActiveCfg = Debug|Any CPU
		{2AF64830-C45D-4FD2-BA4B-1E34A960D4DD}.Release|Any CPU.ActiveCfg = Release|Any CPU
		{2AF64830-C45D-4FD2-BA4B-1E34A960D4DD}.Release|Any CPU.Build.0 = Release|Any CPU
		{2AF64830-C45D-4FD2-BA4B-1E34A960D4DD}.Release|Mixed Platforms.ActiveCfg = Release|Any CPU
		{2AF64830-C45D-4FD2-BA4B-1E34A960D4DD}.Release|Mixed Platforms.Build.0 = Release|Any CPU
		{2AF64830-C45D-4FD2-BA4B-1E34A960D4DD}.Release|x86.ActiveCfg = Release|Any CPU
		{EEFE3B49-B7C6-47FA-9171-B80D939178E8}.Debug|Any CPU.ActiveCfg = Debug|Any CPU
		{EEFE3B49-B7C6-47FA-9171-B80D939178E8}.Debug|Any CPU.Build.0 = Debug|Any CPU
		{EEFE3B49-B7C6-47FA-9171-B80D939178E8}.Debug|Mixed Platforms.ActiveCfg = Debug|Any CPU
		{EEFE3B49-B7C6-47FA-9171-B80D939178E8}.Debug|Mixed Platforms.Build.0 = Debug|Any CPU
		{EEFE3B49-B7C6-47FA-9171-B80D939178E8}.Debug|x86.ActiveCfg = Debug|Any CPU
		{EEFE3B49-B7C6-47FA-9171-B80D939178E8}.Release|Any CPU.ActiveCfg = Release|Any CPU
		{EEFE3B49-B7C6-47FA-9171-B80D939178E8}.Release|Any CPU.Build.0 = Release|Any CPU
		{EEFE3B49-B7C6-47FA-9171-B80D939178E8}.Release|Mixed Platforms.ActiveCfg = Release|Any CPU
		{EEFE3B49-B7C6-47FA-9171-B80D939178E8}.Release|Mixed Platforms.Build.0 = Release|Any CPU
		{EEFE3B49-B7C6-47FA-9171-B80D939178E8}.Release|x86.ActiveCfg = Release|Any CPU
		{281627BC-5964-4B2F-A491-61EE77BE27AB}.Debug|Any CPU.ActiveCfg = Debug|Any CPU
		{281627BC-5964-4B2F-A491-61EE77BE27AB}.Debug|Any CPU.Build.0 = Debug|Any CPU
		{281627BC-5964-4B2F-A491-61EE77BE27AB}.Debug|Mixed Platforms.ActiveCfg = Debug|Any CPU
		{281627BC-5964-4B2F-A491-61EE77BE27AB}.Debug|Mixed Platforms.Build.0 = Debug|Any CPU
		{281627BC-5964-4B2F-A491-61EE77BE27AB}.Debug|x86.ActiveCfg = Debug|Any CPU
		{281627BC-5964-4B2F-A491-61EE77BE27AB}.Release|Any CPU.ActiveCfg = Release|Any CPU
		{281627BC-5964-4B2F-A491-61EE77BE27AB}.Release|Any CPU.Build.0 = Release|Any CPU
		{281627BC-5964-4B2F-A491-61EE77BE27AB}.Release|Mixed Platforms.ActiveCfg = Release|Any CPU
		{281627BC-5964-4B2F-A491-61EE77BE27AB}.Release|Mixed Platforms.Build.0 = Release|Any CPU
		{281627BC-5964-4B2F-A491-61EE77BE27AB}.Release|x86.ActiveCfg = Release|Any CPU
		{B147939B-DDAB-4287-8588-D7EA7F375CD0}.Debug|Any CPU.ActiveCfg = Debug|Any CPU
		{B147939B-DDAB-4287-8588-D7EA7F375CD0}.Debug|Any CPU.Build.0 = Debug|Any CPU
		{B147939B-DDAB-4287-8588-D7EA7F375CD0}.Debug|Mixed Platforms.ActiveCfg = Debug|Any CPU
		{B147939B-DDAB-4287-8588-D7EA7F375CD0}.Debug|Mixed Platforms.Build.0 = Debug|Any CPU
		{B147939B-DDAB-4287-8588-D7EA7F375CD0}.Debug|x86.ActiveCfg = Debug|Any CPU
		{B147939B-DDAB-4287-8588-D7EA7F375CD0}.Release|Any CPU.ActiveCfg = Release|Any CPU
		{B147939B-DDAB-4287-8588-D7EA7F375CD0}.Release|Any CPU.Build.0 = Release|Any CPU
		{B147939B-DDAB-4287-8588-D7EA7F375CD0}.Release|Mixed Platforms.ActiveCfg = Release|Any CPU
		{B147939B-DDAB-4287-8588-D7EA7F375CD0}.Release|Mixed Platforms.Build.0 = Release|Any CPU
		{B147939B-DDAB-4287-8588-D7EA7F375CD0}.Release|x86.ActiveCfg = Release|Any CPU
		{F58BE831-6093-4CDE-A593-430AFA7CD8A6}.Debug|Any CPU.ActiveCfg = Debug|Any CPU
		{F58BE831-6093-4CDE-A593-430AFA7CD8A6}.Debug|Any CPU.Build.0 = Debug|Any CPU
		{F58BE831-6093-4CDE-A593-430AFA7CD8A6}.Debug|Mixed Platforms.ActiveCfg = Debug|Any CPU
		{F58BE831-6093-4CDE-A593-430AFA7CD8A6}.Debug|Mixed Platforms.Build.0 = Debug|Any CPU
		{F58BE831-6093-4CDE-A593-430AFA7CD8A6}.Debug|x86.ActiveCfg = Debug|Any CPU
		{F58BE831-6093-4CDE-A593-430AFA7CD8A6}.Release|Any CPU.ActiveCfg = Release|Any CPU
		{F58BE831-6093-4CDE-A593-430AFA7CD8A6}.Release|Any CPU.Build.0 = Release|Any CPU
		{F58BE831-6093-4CDE-A593-430AFA7CD8A6}.Release|Mixed Platforms.ActiveCfg = Release|Any CPU
		{F58BE831-6093-4CDE-A593-430AFA7CD8A6}.Release|Mixed Platforms.Build.0 = Release|Any CPU
		{F58BE831-6093-4CDE-A593-430AFA7CD8A6}.Release|x86.ActiveCfg = Release|Any CPU
		{29E6B380-589E-4A34-85F1-D2CA21399CFE}.Debug|Any CPU.ActiveCfg = Debug|Any CPU
		{29E6B380-589E-4A34-85F1-D2CA21399CFE}.Debug|Any CPU.Build.0 = Debug|Any CPU
		{29E6B380-589E-4A34-85F1-D2CA21399CFE}.Debug|Mixed Platforms.ActiveCfg = Debug|Any CPU
		{29E6B380-589E-4A34-85F1-D2CA21399CFE}.Debug|Mixed Platforms.Build.0 = Debug|Any CPU
		{29E6B380-589E-4A34-85F1-D2CA21399CFE}.Debug|x86.ActiveCfg = Debug|Any CPU
		{29E6B380-589E-4A34-85F1-D2CA21399CFE}.Release|Any CPU.ActiveCfg = Release|Any CPU
		{29E6B380-589E-4A34-85F1-D2CA21399CFE}.Release|Any CPU.Build.0 = Release|Any CPU
		{29E6B380-589E-4A34-85F1-D2CA21399CFE}.Release|Mixed Platforms.ActiveCfg = Release|Any CPU
		{29E6B380-589E-4A34-85F1-D2CA21399CFE}.Release|Mixed Platforms.Build.0 = Release|Any CPU
		{29E6B380-589E-4A34-85F1-D2CA21399CFE}.Release|x86.ActiveCfg = Release|Any CPU
		{E3A5F647-13C0-4026-BE5A-078277AB7EB3}.Debug|Any CPU.ActiveCfg = Debug|Any CPU
		{E3A5F647-13C0-4026-BE5A-078277AB7EB3}.Debug|Any CPU.Build.0 = Debug|Any CPU
		{E3A5F647-13C0-4026-BE5A-078277AB7EB3}.Debug|Mixed Platforms.ActiveCfg = Debug|Any CPU
		{E3A5F647-13C0-4026-BE5A-078277AB7EB3}.Debug|Mixed Platforms.Build.0 = Debug|Any CPU
		{E3A5F647-13C0-4026-BE5A-078277AB7EB3}.Debug|x86.ActiveCfg = Debug|Any CPU
		{E3A5F647-13C0-4026-BE5A-078277AB7EB3}.Release|Any CPU.ActiveCfg = Release|Any CPU
		{E3A5F647-13C0-4026-BE5A-078277AB7EB3}.Release|Any CPU.Build.0 = Release|Any CPU
		{E3A5F647-13C0-4026-BE5A-078277AB7EB3}.Release|Mixed Platforms.ActiveCfg = Release|Any CPU
		{E3A5F647-13C0-4026-BE5A-078277AB7EB3}.Release|Mixed Platforms.Build.0 = Release|Any CPU
		{E3A5F647-13C0-4026-BE5A-078277AB7EB3}.Release|x86.ActiveCfg = Release|Any CPU
		{04C2C86E-C161-474B-96A4-FACE9C911B45}.Debug|Any CPU.ActiveCfg = Debug|Any CPU
		{04C2C86E-C161-474B-96A4-FACE9C911B45}.Debug|Any CPU.Build.0 = Debug|Any CPU
		{04C2C86E-C161-474B-96A4-FACE9C911B45}.Debug|Mixed Platforms.ActiveCfg = Debug|Any CPU
		{04C2C86E-C161-474B-96A4-FACE9C911B45}.Debug|Mixed Platforms.Build.0 = Debug|Any CPU
		{04C2C86E-C161-474B-96A4-FACE9C911B45}.Debug|x86.ActiveCfg = Debug|Any CPU
		{04C2C86E-C161-474B-96A4-FACE9C911B45}.Release|Any CPU.ActiveCfg = Release|Any CPU
		{04C2C86E-C161-474B-96A4-FACE9C911B45}.Release|Any CPU.Build.0 = Release|Any CPU
		{04C2C86E-C161-474B-96A4-FACE9C911B45}.Release|Mixed Platforms.ActiveCfg = Release|Any CPU
		{04C2C86E-C161-474B-96A4-FACE9C911B45}.Release|Mixed Platforms.Build.0 = Release|Any CPU
		{04C2C86E-C161-474B-96A4-FACE9C911B45}.Release|x86.ActiveCfg = Release|Any CPU
		{62C5F485-45DA-45CD-935A-365E4AFCB932}.Debug|Any CPU.ActiveCfg = Debug|Any CPU
		{62C5F485-45DA-45CD-935A-365E4AFCB932}.Debug|Any CPU.Build.0 = Debug|Any CPU
		{62C5F485-45DA-45CD-935A-365E4AFCB932}.Debug|Mixed Platforms.ActiveCfg = Debug|Any CPU
		{62C5F485-45DA-45CD-935A-365E4AFCB932}.Debug|Mixed Platforms.Build.0 = Debug|Any CPU
		{62C5F485-45DA-45CD-935A-365E4AFCB932}.Debug|x86.ActiveCfg = Debug|Any CPU
		{62C5F485-45DA-45CD-935A-365E4AFCB932}.Release|Any CPU.ActiveCfg = Release|Any CPU
		{62C5F485-45DA-45CD-935A-365E4AFCB932}.Release|Any CPU.Build.0 = Release|Any CPU
		{62C5F485-45DA-45CD-935A-365E4AFCB932}.Release|Mixed Platforms.ActiveCfg = Release|Any CPU
		{62C5F485-45DA-45CD-935A-365E4AFCB932}.Release|Mixed Platforms.Build.0 = Release|Any CPU
		{62C5F485-45DA-45CD-935A-365E4AFCB932}.Release|x86.ActiveCfg = Release|Any CPU
		{13D10909-262E-4EC1-8EFE-B0B5CB7BD8FF}.Debug|Any CPU.ActiveCfg = Debug|Any CPU
		{13D10909-262E-4EC1-8EFE-B0B5CB7BD8FF}.Debug|Any CPU.Build.0 = Debug|Any CPU
		{13D10909-262E-4EC1-8EFE-B0B5CB7BD8FF}.Debug|Mixed Platforms.ActiveCfg = Debug|Any CPU
		{13D10909-262E-4EC1-8EFE-B0B5CB7BD8FF}.Debug|Mixed Platforms.Build.0 = Debug|Any CPU
		{13D10909-262E-4EC1-8EFE-B0B5CB7BD8FF}.Debug|x86.ActiveCfg = Debug|Any CPU
		{13D10909-262E-4EC1-8EFE-B0B5CB7BD8FF}.Release|Any CPU.ActiveCfg = Release|Any CPU
		{13D10909-262E-4EC1-8EFE-B0B5CB7BD8FF}.Release|Any CPU.Build.0 = Release|Any CPU
		{13D10909-262E-4EC1-8EFE-B0B5CB7BD8FF}.Release|Mixed Platforms.ActiveCfg = Release|Any CPU
		{13D10909-262E-4EC1-8EFE-B0B5CB7BD8FF}.Release|Mixed Platforms.Build.0 = Release|Any CPU
		{13D10909-262E-4EC1-8EFE-B0B5CB7BD8FF}.Release|x86.ActiveCfg = Release|Any CPU
		{EC20C5ED-CDA0-4C7F-B456-0B1686EAFCD9}.Debug|Any CPU.ActiveCfg = Debug|Any CPU
		{EC20C5ED-CDA0-4C7F-B456-0B1686EAFCD9}.Debug|Any CPU.Build.0 = Debug|Any CPU
		{EC20C5ED-CDA0-4C7F-B456-0B1686EAFCD9}.Debug|Mixed Platforms.ActiveCfg = Debug|Any CPU
		{EC20C5ED-CDA0-4C7F-B456-0B1686EAFCD9}.Debug|Mixed Platforms.Build.0 = Debug|Any CPU
		{EC20C5ED-CDA0-4C7F-B456-0B1686EAFCD9}.Debug|x86.ActiveCfg = Debug|Any CPU
		{EC20C5ED-CDA0-4C7F-B456-0B1686EAFCD9}.Release|Any CPU.ActiveCfg = Release|Any CPU
		{EC20C5ED-CDA0-4C7F-B456-0B1686EAFCD9}.Release|Any CPU.Build.0 = Release|Any CPU
		{EC20C5ED-CDA0-4C7F-B456-0B1686EAFCD9}.Release|Mixed Platforms.ActiveCfg = Release|Any CPU
		{EC20C5ED-CDA0-4C7F-B456-0B1686EAFCD9}.Release|Mixed Platforms.Build.0 = Release|Any CPU
		{EC20C5ED-CDA0-4C7F-B456-0B1686EAFCD9}.Release|x86.ActiveCfg = Release|Any CPU
	EndGlobalSection
	GlobalSection(SolutionProperties) = preSolution
		HideSolutionNode = FALSE
	EndGlobalSection
	GlobalSection(NestedProjects) = preSolution
		{65AE3850-946A-4459-AD0A-11821C451EA3} = {D8D07837-FDF8-4F87-A2F1-7AF048AE3FFE}
		{4ACA894F-3B93-4857-9005-FA31E890DC3E} = {D8D07837-FDF8-4F87-A2F1-7AF048AE3FFE}
		{13D10909-262E-4EC1-8EFE-B0B5CB7BD8FF} = {D8D07837-FDF8-4F87-A2F1-7AF048AE3FFE}
		{322CB0EC-5C6C-400C-9315-2A679DA9CDA9} = {E606AEF1-47AA-46A2-AF00-F1C917B1F0FD}
		{CA16FFE9-BC48-4DC6-BBCE-9A7A3EECA424} = {E606AEF1-47AA-46A2-AF00-F1C917B1F0FD}
		{11E812AA-3DC2-4862-A334-AE22D8A6E443} = {43D6A22A-8BEA-475D-9E36-6062C62EAACB}
		{AEECB1CC-5ED6-4D08-BFAC-ACC869F92F15} = {43D6A22A-8BEA-475D-9E36-6062C62EAACB}
		{750EA2E3-E290-4E44-BBF0-033FF8B9FC9D} = {11E812AA-3DC2-4862-A334-AE22D8A6E443}
		{2AF64830-C45D-4FD2-BA4B-1E34A960D4DD} = {11E812AA-3DC2-4862-A334-AE22D8A6E443}
		{94D962B3-ABD7-4A74-949A-F5D8A510AA9C} = {AEECB1CC-5ED6-4D08-BFAC-ACC869F92F15}
		{D51C07BA-4CA8-47E5-A677-B09E637F472F} = {191F10AD-3F09-4DDD-9D79-47B88689EA20}
		{17A25837-83B9-48B6-B958-2BFACD9EA571} = {191F10AD-3F09-4DDD-9D79-47B88689EA20}
		{B68B9D4E-E53E-4A96-9704-6F4A4BA43616} = {191F10AD-3F09-4DDD-9D79-47B88689EA20}
		{7461E0DC-4B6C-45FB-96BF-46AFF91B61ED} = {191F10AD-3F09-4DDD-9D79-47B88689EA20}
		{5B47CEFA-0E19-4069-800A-81D9FCFD875D} = {191F10AD-3F09-4DDD-9D79-47B88689EA20}
		{EEFE3B49-B7C6-47FA-9171-B80D939178E8} = {622159BB-9FCA-425D-8E4E-C899F30FC69E}
		{F58BE831-6093-4CDE-A593-430AFA7CD8A6} = {622159BB-9FCA-425D-8E4E-C899F30FC69E}
		{29E6B380-589E-4A34-85F1-D2CA21399CFE} = {622159BB-9FCA-425D-8E4E-C899F30FC69E}
		{E3A5F647-13C0-4026-BE5A-078277AB7EB3} = {622159BB-9FCA-425D-8E4E-C899F30FC69E}
		{B147939B-DDAB-4287-8588-D7EA7F375CD0} = {94108F8E-DA07-4081-BF01-4BD94938B792}
	EndGlobalSection
EndGlobal
